// !$*UTF8*$!
{
	archiveVersion = 1;
	classes = {
	};
	objectVersion = 56;
	objects = {

/* Begin PBXBuildFile section */
		C60B888629952588006BD382 /* UIViewController + Extensions.swift in Sources */ = {isa = PBXBuildFile; fileRef = C60B888529952588006BD382 /* UIViewController + Extensions.swift */; };
		C60B888929952AD0006BD382 /* ProgressHUD in Frameworks */ = {isa = PBXBuildFile; productRef = C60B888829952AD0006BD382 /* ProgressHUD */; };
		C60B888B299530E5006BD382 /* FirestoreManager.swift in Sources */ = {isa = PBXBuildFile; fileRef = C60B888A299530E5006BD382 /* FirestoreManager.swift */; };
		C60B888E29953149006BD382 /* FirebaseManager.swift in Sources */ = {isa = PBXBuildFile; fileRef = C60B888D29953149006BD382 /* FirebaseManager.swift */; };
		C60B889029957F6F006BD382 /* User.swift in Sources */ = {isa = PBXBuildFile; fileRef = C60B888F29957F6F006BD382 /* User.swift */; };
		C60C6D54299A2239002BDA11 /* K.swift in Sources */ = {isa = PBXBuildFile; fileRef = C60C6D53299A2239002BDA11 /* K.swift */; };
		C6136D84299520AA008D5ECB /* RegisterViewController.swift in Sources */ = {isa = PBXBuildFile; fileRef = C6136D83299520AA008D5ECB /* RegisterViewController.swift */; };
		C613EB5B29CDC8AF00FBCDE3 /* TypingModel.swift in Sources */ = {isa = PBXBuildFile; fileRef = C613EB5A29CDC8AF00FBCDE3 /* TypingModel.swift */; };
		C629ACC02999313300969E01 /* UIAlertController + Extension.swift in Sources */ = {isa = PBXBuildFile; fileRef = C629ACBF2999313300969E01 /* UIAlertController + Extension.swift */; };
		C62EA30829BDE544006CD340 /* ChatObject.swift in Sources */ = {isa = PBXBuildFile; fileRef = C62EA30729BDE544006CD340 /* ChatObject.swift */; };
		C631D9BA29AF60810031F136 /* LikeObject.swift in Sources */ = {isa = PBXBuildFile; fileRef = C631D9B929AF60810031F136 /* LikeObject.swift */; };
		C63AAEB7299D6A710061357D /* ImageItem.swift in Sources */ = {isa = PBXBuildFile; fileRef = C63AAEB6299D6A710061357D /* ImageItem.swift */; };
		C65114C9299A4B38003BBD01 /* Date + Extensions.swift in Sources */ = {isa = PBXBuildFile; fileRef = C65114C8299A4B38003BBD01 /* Date + Extensions.swift */; };
		C6541B1029C897E20028EB02 /* IncomingMessages.swift in Sources */ = {isa = PBXBuildFile; fileRef = C6541B0F29C897E20028EB02 /* IncomingMessages.swift */; };
		C6561D2829AE1A68006CDAD5 /* SKPhotoBrowser in Frameworks */ = {isa = PBXBuildFile; productRef = C6561D2729AE1A68006CDAD5 /* SKPhotoBrowser */; };
		C66452F329B354DA00E32403 /* MatchObject.swift in Sources */ = {isa = PBXBuildFile; fileRef = C66452F229B354DA00E32403 /* MatchObject.swift */; };
		C6712832299FEDE300A74FAA /* Shuffle in Frameworks */ = {isa = PBXBuildFile; productRef = C6712831299FEDE300A74FAA /* Shuffle */; };
		C6712836299FF35A00A74FAA /* CardViewController.swift in Sources */ = {isa = PBXBuildFile; fileRef = C6712835299FF35A00A74FAA /* CardViewController.swift */; };
		C671283829A005D600A74FAA /* UserCard.swift in Sources */ = {isa = PBXBuildFile; fileRef = C671283729A005D600A74FAA /* UserCard.swift */; };
		C671283A29A010BF00A74FAA /* UserCardModel.swift in Sources */ = {isa = PBXBuildFile; fileRef = C671283929A010BF00A74FAA /* UserCardModel.swift */; };
		C671283D29A0111E00A74FAA /* UserCardOverlay.swift in Sources */ = {isa = PBXBuildFile; fileRef = C671283C29A0111E00A74FAA /* UserCardOverlay.swift */; };
		C671283F29A021D700A74FAA /* UIView + Extension.swift in Sources */ = {isa = PBXBuildFile; fileRef = C671283E29A021D700A74FAA /* UIView + Extension.swift */; };
		C671284129A02DF400A74FAA /* UserCardContentView.swift in Sources */ = {isa = PBXBuildFile; fileRef = C671284029A02DF400A74FAA /* UserCardContentView.swift */; };
		C68DAB84299500DA005FBDC9 /* AppDelegate.swift in Sources */ = {isa = PBXBuildFile; fileRef = C68DAB83299500DA005FBDC9 /* AppDelegate.swift */; };
		C68DAB86299500DA005FBDC9 /* SceneDelegate.swift in Sources */ = {isa = PBXBuildFile; fileRef = C68DAB85299500DA005FBDC9 /* SceneDelegate.swift */; };
		C68DAB88299500DA005FBDC9 /* WelcomeViewController.swift in Sources */ = {isa = PBXBuildFile; fileRef = C68DAB87299500DA005FBDC9 /* WelcomeViewController.swift */; };
		C68DAB8B299500DA005FBDC9 /* Main.storyboard in Resources */ = {isa = PBXBuildFile; fileRef = C68DAB89299500DA005FBDC9 /* Main.storyboard */; };
		C68DAB8D299500DB005FBDC9 /* Assets.xcassets in Resources */ = {isa = PBXBuildFile; fileRef = C68DAB8C299500DB005FBDC9 /* Assets.xcassets */; };
		C68DAB90299500DB005FBDC9 /* LaunchScreen.storyboard in Resources */ = {isa = PBXBuildFile; fileRef = C68DAB8E299500DB005FBDC9 /* LaunchScreen.storyboard */; };
		C68DAB9829950192005FBDC9 /* GoogleService-Info.plist in Resources */ = {isa = PBXBuildFile; fileRef = C68DAB9729950192005FBDC9 /* GoogleService-Info.plist */; };
		C68DAB9B2995078F005FBDC9 /* FirebaseAnalytics in Frameworks */ = {isa = PBXBuildFile; productRef = C68DAB9A2995078F005FBDC9 /* FirebaseAnalytics */; };
		C68DAB9D2995078F005FBDC9 /* FirebaseAnalyticsSwift in Frameworks */ = {isa = PBXBuildFile; productRef = C68DAB9C2995078F005FBDC9 /* FirebaseAnalyticsSwift */; };
		C68DAB9F2995078F005FBDC9 /* FirebaseAuth in Frameworks */ = {isa = PBXBuildFile; productRef = C68DAB9E2995078F005FBDC9 /* FirebaseAuth */; };
		C68DABA12995078F005FBDC9 /* FirebaseAuthCombine-Community in Frameworks */ = {isa = PBXBuildFile; productRef = C68DABA02995078F005FBDC9 /* FirebaseAuthCombine-Community */; };
		C68DABA32995078F005FBDC9 /* FirebaseFirestore in Frameworks */ = {isa = PBXBuildFile; productRef = C68DABA22995078F005FBDC9 /* FirebaseFirestore */; };
		C68DABA52995078F005FBDC9 /* FirebaseFirestoreSwift in Frameworks */ = {isa = PBXBuildFile; productRef = C68DABA42995078F005FBDC9 /* FirebaseFirestoreSwift */; };
		C68DABA72995078F005FBDC9 /* FirebaseMessaging in Frameworks */ = {isa = PBXBuildFile; productRef = C68DABA62995078F005FBDC9 /* FirebaseMessaging */; };
		C68DABA92995078F005FBDC9 /* FirebaseStorage in Frameworks */ = {isa = PBXBuildFile; productRef = C68DABA82995078F005FBDC9 /* FirebaseStorage */; };
		C6A1995829A8C371007D3668 /* UserProfileTableViewController.swift in Sources */ = {isa = PBXBuildFile; fileRef = C6A1995729A8C371007D3668 /* UserProfileTableViewController.swift */; };
		C6AE044A29A0CA3D002D17D4 /* UserCardFooterView.swift in Sources */ = {isa = PBXBuildFile; fileRef = C6AE044929A0CA3D002D17D4 /* UserCardFooterView.swift */; };
		C6BCC19729BB391B003EB151 /* RecentsCollectionViewCell.swift in Sources */ = {isa = PBXBuildFile; fileRef = C6BCC19629BB391B003EB151 /* RecentsCollectionViewCell.swift */; };
		C6BCC19B29BB504E003EB151 /* ChatTableViewCell.swift in Sources */ = {isa = PBXBuildFile; fileRef = C6BCC19A29BB504E003EB151 /* ChatTableViewCell.swift */; };
		C6D3D16B29ACAD5500314CF1 /* ImageCollectionViewCell.swift in Sources */ = {isa = PBXBuildFile; fileRef = C6D3D16A29ACAD5500314CF1 /* ImageCollectionViewCell.swift */; };
		C6D4730B29B221E500EDE1E4 /* LikedUsersTableViewController.swift in Sources */ = {isa = PBXBuildFile; fileRef = C6D4730A29B221E500EDE1E4 /* LikedUsersTableViewController.swift */; };
		C6D4730F29B222A400EDE1E4 /* LikedUserTableViewCell.swift in Sources */ = {isa = PBXBuildFile; fileRef = C6D4730E29B222A400EDE1E4 /* LikedUserTableViewCell.swift */; };
		C6DB395929B7851200041B35 /* ChatsViewController.swift in Sources */ = {isa = PBXBuildFile; fileRef = C6DB395829B7851200041B35 /* ChatsViewController.swift */; };
		C6DF0BA629B3656000075386 /* MatchView.swift in Sources */ = {isa = PBXBuildFile; fileRef = C6DF0BA529B3656000075386 /* MatchView.swift */; };
		C6DF0BA829B4AF3800075386 /* ViewController.swift in Sources */ = {isa = PBXBuildFile; fileRef = C6DF0BA729B4AF3800075386 /* ViewController.swift */; };
		C6EDB0ED299C1A00001377BE /* FirebaseStorageManager.swift in Sources */ = {isa = PBXBuildFile; fileRef = C6EDB0EC299C1A00001377BE /* FirebaseStorageManager.swift */; };
		C6EF39B329990A5F00F9AA3E /* ProfileTableViewController.swift in Sources */ = {isa = PBXBuildFile; fileRef = C6EF39B229990A5F00F9AA3E /* ProfileTableViewController.swift */; };
		C6F1EA9F29C73E57008415D5 /* ChatViewController.swift in Sources */ = {isa = PBXBuildFile; fileRef = C6F1EA9E29C73E57008415D5 /* ChatViewController.swift */; };
		C6F1EAA229C73F01008415D5 /* InputBarAccessoryView in Frameworks */ = {isa = PBXBuildFile; productRef = C6F1EAA129C73F01008415D5 /* InputBarAccessoryView */; };
		C6F1EAA529C73F70008415D5 /* MessageKit in Frameworks */ = {isa = PBXBuildFile; productRef = C6F1EAA429C73F70008415D5 /* MessageKit */; };
		C6F1EAA729C74C63008415D5 /* Message.swift in Sources */ = {isa = PBXBuildFile; fileRef = C6F1EAA629C74C63008415D5 /* Message.swift */; };
		C6F1EAA929C75201008415D5 /* MKMessage.swift in Sources */ = {isa = PBXBuildFile; fileRef = C6F1EAA829C75201008415D5 /* MKMessage.swift */; };
		C6F1EAAB29C75A53008415D5 /* MessageDefaults.swift in Sources */ = {isa = PBXBuildFile; fileRef = C6F1EAAA29C75A53008415D5 /* MessageDefaults.swift */; };
		C6F1EAAE29C770B2008415D5 /* PhotoMessage.swift in Sources */ = {isa = PBXBuildFile; fileRef = C6F1EAAD29C770B2008415D5 /* PhotoMessage.swift */; };
/* End PBXBuildFile section */

/* Begin PBXFileReference section */
		C60B888529952588006BD382 /* UIViewController + Extensions.swift */ = {isa = PBXFileReference; lastKnownFileType = sourcecode.swift; path = "UIViewController + Extensions.swift"; sourceTree = "<group>"; };
		C60B888A299530E5006BD382 /* FirestoreManager.swift */ = {isa = PBXFileReference; lastKnownFileType = sourcecode.swift; path = FirestoreManager.swift; sourceTree = "<group>"; };
		C60B888D29953149006BD382 /* FirebaseManager.swift */ = {isa = PBXFileReference; lastKnownFileType = sourcecode.swift; path = FirebaseManager.swift; sourceTree = "<group>"; };
		C60B888F29957F6F006BD382 /* User.swift */ = {isa = PBXFileReference; lastKnownFileType = sourcecode.swift; path = User.swift; sourceTree = "<group>"; };
		C60C6D53299A2239002BDA11 /* K.swift */ = {isa = PBXFileReference; lastKnownFileType = sourcecode.swift; path = K.swift; sourceTree = "<group>"; };
		C6136D83299520AA008D5ECB /* RegisterViewController.swift */ = {isa = PBXFileReference; lastKnownFileType = sourcecode.swift; path = RegisterViewController.swift; sourceTree = "<group>"; };
		C613EB5A29CDC8AF00FBCDE3 /* TypingModel.swift */ = {isa = PBXFileReference; lastKnownFileType = sourcecode.swift; path = TypingModel.swift; sourceTree = "<group>"; };
		C629ACBF2999313300969E01 /* UIAlertController + Extension.swift */ = {isa = PBXFileReference; lastKnownFileType = sourcecode.swift; path = "UIAlertController + Extension.swift"; sourceTree = "<group>"; };
		C62EA30729BDE544006CD340 /* ChatObject.swift */ = {isa = PBXFileReference; lastKnownFileType = sourcecode.swift; path = ChatObject.swift; sourceTree = "<group>"; };
		C631D9B929AF60810031F136 /* LikeObject.swift */ = {isa = PBXFileReference; lastKnownFileType = sourcecode.swift; path = LikeObject.swift; sourceTree = "<group>"; };
		C63AAEB6299D6A710061357D /* ImageItem.swift */ = {isa = PBXFileReference; lastKnownFileType = sourcecode.swift; path = ImageItem.swift; sourceTree = "<group>"; };
		C65114C8299A4B38003BBD01 /* Date + Extensions.swift */ = {isa = PBXFileReference; lastKnownFileType = sourcecode.swift; path = "Date + Extensions.swift"; sourceTree = "<group>"; };
		C6541B0F29C897E20028EB02 /* IncomingMessages.swift */ = {isa = PBXFileReference; lastKnownFileType = sourcecode.swift; path = IncomingMessages.swift; sourceTree = "<group>"; };
		C66452F229B354DA00E32403 /* MatchObject.swift */ = {isa = PBXFileReference; lastKnownFileType = sourcecode.swift; path = MatchObject.swift; sourceTree = "<group>"; };
		C6712835299FF35A00A74FAA /* CardViewController.swift */ = {isa = PBXFileReference; lastKnownFileType = sourcecode.swift; path = CardViewController.swift; sourceTree = "<group>"; };
		C671283729A005D600A74FAA /* UserCard.swift */ = {isa = PBXFileReference; lastKnownFileType = sourcecode.swift; path = UserCard.swift; sourceTree = "<group>"; };
		C671283929A010BF00A74FAA /* UserCardModel.swift */ = {isa = PBXFileReference; lastKnownFileType = sourcecode.swift; path = UserCardModel.swift; sourceTree = "<group>"; };
		C671283C29A0111E00A74FAA /* UserCardOverlay.swift */ = {isa = PBXFileReference; lastKnownFileType = sourcecode.swift; path = UserCardOverlay.swift; sourceTree = "<group>"; };
		C671283E29A021D700A74FAA /* UIView + Extension.swift */ = {isa = PBXFileReference; lastKnownFileType = sourcecode.swift; path = "UIView + Extension.swift"; sourceTree = "<group>"; };
		C671284029A02DF400A74FAA /* UserCardContentView.swift */ = {isa = PBXFileReference; lastKnownFileType = sourcecode.swift; path = UserCardContentView.swift; sourceTree = "<group>"; };
		C68DAB80299500DA005FBDC9 /* LetsMeet.app */ = {isa = PBXFileReference; explicitFileType = wrapper.application; includeInIndex = 0; path = LetsMeet.app; sourceTree = BUILT_PRODUCTS_DIR; };
		C68DAB83299500DA005FBDC9 /* AppDelegate.swift */ = {isa = PBXFileReference; lastKnownFileType = sourcecode.swift; path = AppDelegate.swift; sourceTree = "<group>"; };
		C68DAB85299500DA005FBDC9 /* SceneDelegate.swift */ = {isa = PBXFileReference; lastKnownFileType = sourcecode.swift; path = SceneDelegate.swift; sourceTree = "<group>"; };
		C68DAB87299500DA005FBDC9 /* WelcomeViewController.swift */ = {isa = PBXFileReference; lastKnownFileType = sourcecode.swift; path = WelcomeViewController.swift; sourceTree = "<group>"; };
		C68DAB8A299500DA005FBDC9 /* Base */ = {isa = PBXFileReference; lastKnownFileType = file.storyboard; name = Base; path = Base.lproj/Main.storyboard; sourceTree = "<group>"; };
		C68DAB8C299500DB005FBDC9 /* Assets.xcassets */ = {isa = PBXFileReference; lastKnownFileType = folder.assetcatalog; path = Assets.xcassets; sourceTree = "<group>"; };
		C68DAB8F299500DB005FBDC9 /* Base */ = {isa = PBXFileReference; lastKnownFileType = file.storyboard; name = Base; path = Base.lproj/LaunchScreen.storyboard; sourceTree = "<group>"; };
		C68DAB91299500DB005FBDC9 /* Info.plist */ = {isa = PBXFileReference; lastKnownFileType = text.plist.xml; path = Info.plist; sourceTree = "<group>"; };
		C68DAB9729950192005FBDC9 /* GoogleService-Info.plist */ = {isa = PBXFileReference; fileEncoding = 4; lastKnownFileType = text.plist.xml; path = "GoogleService-Info.plist"; sourceTree = "<group>"; };
		C6A1995729A8C371007D3668 /* UserProfileTableViewController.swift */ = {isa = PBXFileReference; lastKnownFileType = sourcecode.swift; path = UserProfileTableViewController.swift; sourceTree = "<group>"; };
		C6AE044929A0CA3D002D17D4 /* UserCardFooterView.swift */ = {isa = PBXFileReference; lastKnownFileType = sourcecode.swift; path = UserCardFooterView.swift; sourceTree = "<group>"; };
		C6BCC19629BB391B003EB151 /* RecentsCollectionViewCell.swift */ = {isa = PBXFileReference; lastKnownFileType = sourcecode.swift; path = RecentsCollectionViewCell.swift; sourceTree = "<group>"; };
		C6BCC19A29BB504E003EB151 /* ChatTableViewCell.swift */ = {isa = PBXFileReference; lastKnownFileType = sourcecode.swift; path = ChatTableViewCell.swift; sourceTree = "<group>"; };
		C6D3D16A29ACAD5500314CF1 /* ImageCollectionViewCell.swift */ = {isa = PBXFileReference; lastKnownFileType = sourcecode.swift; path = ImageCollectionViewCell.swift; sourceTree = "<group>"; };
		C6D4730A29B221E500EDE1E4 /* LikedUsersTableViewController.swift */ = {isa = PBXFileReference; lastKnownFileType = sourcecode.swift; path = LikedUsersTableViewController.swift; sourceTree = "<group>"; };
		C6D4730E29B222A400EDE1E4 /* LikedUserTableViewCell.swift */ = {isa = PBXFileReference; lastKnownFileType = sourcecode.swift; path = LikedUserTableViewCell.swift; sourceTree = "<group>"; };
		C6DB395829B7851200041B35 /* ChatsViewController.swift */ = {isa = PBXFileReference; lastKnownFileType = sourcecode.swift; path = ChatsViewController.swift; sourceTree = "<group>"; };
		C6DF0BA529B3656000075386 /* MatchView.swift */ = {isa = PBXFileReference; lastKnownFileType = sourcecode.swift; path = MatchView.swift; sourceTree = "<group>"; };
		C6DF0BA729B4AF3800075386 /* ViewController.swift */ = {isa = PBXFileReference; lastKnownFileType = sourcecode.swift; path = ViewController.swift; sourceTree = "<group>"; };
		C6EDB0EC299C1A00001377BE /* FirebaseStorageManager.swift */ = {isa = PBXFileReference; lastKnownFileType = sourcecode.swift; path = FirebaseStorageManager.swift; sourceTree = "<group>"; };
		C6EF39B229990A5F00F9AA3E /* ProfileTableViewController.swift */ = {isa = PBXFileReference; lastKnownFileType = sourcecode.swift; path = ProfileTableViewController.swift; sourceTree = "<group>"; };
		C6F1EA9E29C73E57008415D5 /* ChatViewController.swift */ = {isa = PBXFileReference; lastKnownFileType = sourcecode.swift; path = ChatViewController.swift; sourceTree = "<group>"; };
		C6F1EAA629C74C63008415D5 /* Message.swift */ = {isa = PBXFileReference; lastKnownFileType = sourcecode.swift; path = Message.swift; sourceTree = "<group>"; };
		C6F1EAA829C75201008415D5 /* MKMessage.swift */ = {isa = PBXFileReference; lastKnownFileType = sourcecode.swift; path = MKMessage.swift; sourceTree = "<group>"; };
		C6F1EAAA29C75A53008415D5 /* MessageDefaults.swift */ = {isa = PBXFileReference; lastKnownFileType = sourcecode.swift; path = MessageDefaults.swift; sourceTree = "<group>"; };
		C6F1EAAD29C770B2008415D5 /* PhotoMessage.swift */ = {isa = PBXFileReference; lastKnownFileType = sourcecode.swift; path = PhotoMessage.swift; sourceTree = "<group>"; };
/* End PBXFileReference section */

/* Begin PBXFrameworksBuildPhase section */
		C68DAB7D299500DA005FBDC9 /* Frameworks */ = {
			isa = PBXFrameworksBuildPhase;
			buildActionMask = 2147483647;
			files = (
				C68DAB9D2995078F005FBDC9 /* FirebaseAnalyticsSwift in Frameworks */,
				C68DAB9F2995078F005FBDC9 /* FirebaseAuth in Frameworks */,
				C6712832299FEDE300A74FAA /* Shuffle in Frameworks */,
				C68DABA72995078F005FBDC9 /* FirebaseMessaging in Frameworks */,
				C60B888929952AD0006BD382 /* ProgressHUD in Frameworks */,
				C6F1EAA229C73F01008415D5 /* InputBarAccessoryView in Frameworks */,
				C68DAB9B2995078F005FBDC9 /* FirebaseAnalytics in Frameworks */,
				C6561D2829AE1A68006CDAD5 /* SKPhotoBrowser in Frameworks */,
				C68DABA32995078F005FBDC9 /* FirebaseFirestore in Frameworks */,
				C68DABA92995078F005FBDC9 /* FirebaseStorage in Frameworks */,
				C6F1EAA529C73F70008415D5 /* MessageKit in Frameworks */,
				C68DABA12995078F005FBDC9 /* FirebaseAuthCombine-Community in Frameworks */,
				C68DABA52995078F005FBDC9 /* FirebaseFirestoreSwift in Frameworks */,
			);
			runOnlyForDeploymentPostprocessing = 0;
		};
/* End PBXFrameworksBuildPhase section */

/* Begin PBXGroup section */
		C60B88842995254A006BD382 /* Extension */ = {
			isa = PBXGroup;
			children = (
				C60B888529952588006BD382 /* UIViewController + Extensions.swift */,
				C629ACBF2999313300969E01 /* UIAlertController + Extension.swift */,
				C65114C8299A4B38003BBD01 /* Date + Extensions.swift */,
				C671283E29A021D700A74FAA /* UIView + Extension.swift */,
			);
			path = Extension;
			sourceTree = "<group>";
		};
		C60B888C299530E9006BD382 /* Resources */ = {
			isa = PBXGroup;
			children = (
				C60B888A299530E5006BD382 /* FirestoreManager.swift */,
				C60B888D29953149006BD382 /* FirebaseManager.swift */,
				C6EDB0EC299C1A00001377BE /* FirebaseStorageManager.swift */,
			);
			path = Resources;
			sourceTree = "<group>";
		};
		C60B889129957F73006BD382 /* Models */ = {
			isa = PBXGroup;
			children = (
				C671283929A010BF00A74FAA /* UserCardModel.swift */,
				C60B888F29957F6F006BD382 /* User.swift */,
				C63AAEB6299D6A710061357D /* ImageItem.swift */,
				C631D9B929AF60810031F136 /* LikeObject.swift */,
				C66452F229B354DA00E32403 /* MatchObject.swift */,
				C62EA30729BDE544006CD340 /* ChatObject.swift */,
				C6F1EAA629C74C63008415D5 /* Message.swift */,
				C6F1EAA829C75201008415D5 /* MKMessage.swift */,
				C6F1EAAD29C770B2008415D5 /* PhotoMessage.swift */,
				C6541B0F29C897E20028EB02 /* IncomingMessages.swift */,
				C613EB5A29CDC8AF00FBCDE3 /* TypingModel.swift */,
			);
			path = Models;
			sourceTree = "<group>";
		};
		C6136D85299520AE008D5ECB /* Controllers */ = {
			isa = PBXGroup;
			children = (
				C68DAB87299500DA005FBDC9 /* WelcomeViewController.swift */,
				C6136D83299520AA008D5ECB /* RegisterViewController.swift */,
				C6EF39B229990A5F00F9AA3E /* ProfileTableViewController.swift */,
				C6712835299FF35A00A74FAA /* CardViewController.swift */,
				C6A1995729A8C371007D3668 /* UserProfileTableViewController.swift */,
				C6D4730A29B221E500EDE1E4 /* LikedUsersTableViewController.swift */,
				C6DF0BA729B4AF3800075386 /* ViewController.swift */,
				C6DB395829B7851200041B35 /* ChatsViewController.swift */,
				C6F1EA9E29C73E57008415D5 /* ChatViewController.swift */,
			);
			path = Controllers;
			sourceTree = "<group>";
		};
		C6522EEF29A14A6B00322B49 /* Views */ = {
			isa = PBXGroup;
			children = (
				C671283B29A0111300A74FAA /* UserCard */,
				C6D3D16C29ACAD5A00314CF1 /* CustomCells */,
				C6DF0BA529B3656000075386 /* MatchView.swift */,
				C6F1EAAC29C75A58008415D5 /* Helpers */,
			);
			path = Views;
			sourceTree = "<group>";
		};
		C671283B29A0111300A74FAA /* UserCard */ = {
			isa = PBXGroup;
			children = (
				C671283729A005D600A74FAA /* UserCard.swift */,
				C671283C29A0111E00A74FAA /* UserCardOverlay.swift */,
			);
			path = UserCard;
			sourceTree = "<group>";
		};
		C68DAB77299500DA005FBDC9 = {
			isa = PBXGroup;
			children = (
				C60C6D53299A2239002BDA11 /* K.swift */,
				C68DAB82299500DA005FBDC9 /* LetsMeet */,
				C68DAB81299500DA005FBDC9 /* Products */,
			);
			sourceTree = "<group>";
		};
		C68DAB81299500DA005FBDC9 /* Products */ = {
			isa = PBXGroup;
			children = (
				C68DAB80299500DA005FBDC9 /* LetsMeet.app */,
			);
			name = Products;
			sourceTree = "<group>";
		};
		C68DAB82299500DA005FBDC9 /* LetsMeet */ = {
			isa = PBXGroup;
			children = (
				C6522EEF29A14A6B00322B49 /* Views */,
				C60B88842995254A006BD382 /* Extension */,
				C68DAB83299500DA005FBDC9 /* AppDelegate.swift */,
				C68DAB85299500DA005FBDC9 /* SceneDelegate.swift */,
				C6136D85299520AE008D5ECB /* Controllers */,
				C60B888C299530E9006BD382 /* Resources */,
				C60B889129957F73006BD382 /* Models */,
				C68DAB89299500DA005FBDC9 /* Main.storyboard */,
				C68DAB8C299500DB005FBDC9 /* Assets.xcassets */,
				C68DAB8E299500DB005FBDC9 /* LaunchScreen.storyboard */,
				C68DAB91299500DB005FBDC9 /* Info.plist */,
				C68DAB9729950192005FBDC9 /* GoogleService-Info.plist */,
				C671284029A02DF400A74FAA /* UserCardContentView.swift */,
				C6AE044929A0CA3D002D17D4 /* UserCardFooterView.swift */,
			);
			path = LetsMeet;
			sourceTree = "<group>";
		};
		C6D3D16C29ACAD5A00314CF1 /* CustomCells */ = {
			isa = PBXGroup;
			children = (
				C6D3D16A29ACAD5500314CF1 /* ImageCollectionViewCell.swift */,
				C6D4730E29B222A400EDE1E4 /* LikedUserTableViewCell.swift */,
				C6BCC19629BB391B003EB151 /* RecentsCollectionViewCell.swift */,
				C6BCC19A29BB504E003EB151 /* ChatTableViewCell.swift */,
			);
			path = CustomCells;
			sourceTree = "<group>";
		};
		C6F1EAAC29C75A58008415D5 /* Helpers */ = {
			isa = PBXGroup;
			children = (
				C6F1EAAA29C75A53008415D5 /* MessageDefaults.swift */,
			);
			path = Helpers;
			sourceTree = "<group>";
		};
/* End PBXGroup section */

/* Begin PBXNativeTarget section */
		C68DAB7F299500DA005FBDC9 /* LetsMeet */ = {
			isa = PBXNativeTarget;
			buildConfigurationList = C68DAB94299500DB005FBDC9 /* Build configuration list for PBXNativeTarget "LetsMeet" */;
			buildPhases = (
				C68DAB7C299500DA005FBDC9 /* Sources */,
				C68DAB7D299500DA005FBDC9 /* Frameworks */,
				C68DAB7E299500DA005FBDC9 /* Resources */,
			);
			buildRules = (
			);
			dependencies = (
			);
			name = LetsMeet;
			packageProductDependencies = (
				C68DAB9A2995078F005FBDC9 /* FirebaseAnalytics */,
				C68DAB9C2995078F005FBDC9 /* FirebaseAnalyticsSwift */,
				C68DAB9E2995078F005FBDC9 /* FirebaseAuth */,
				C68DABA02995078F005FBDC9 /* FirebaseAuthCombine-Community */,
				C68DABA22995078F005FBDC9 /* FirebaseFirestore */,
				C68DABA42995078F005FBDC9 /* FirebaseFirestoreSwift */,
				C68DABA62995078F005FBDC9 /* FirebaseMessaging */,
				C68DABA82995078F005FBDC9 /* FirebaseStorage */,
				C60B888829952AD0006BD382 /* ProgressHUD */,
				C6712831299FEDE300A74FAA /* Shuffle */,
				C6561D2729AE1A68006CDAD5 /* SKPhotoBrowser */,
				C6F1EAA129C73F01008415D5 /* InputBarAccessoryView */,
				C6F1EAA429C73F70008415D5 /* MessageKit */,
			);
			productName = LetsMeet;
			productReference = C68DAB80299500DA005FBDC9 /* LetsMeet.app */;
			productType = "com.apple.product-type.application";
		};
/* End PBXNativeTarget section */

/* Begin PBXProject section */
		C68DAB78299500DA005FBDC9 /* Project object */ = {
			isa = PBXProject;
			attributes = {
				BuildIndependentTargetsInParallel = 1;
				LastSwiftUpdateCheck = 1420;
				LastUpgradeCheck = 1420;
				TargetAttributes = {
					C68DAB7F299500DA005FBDC9 = {
						CreatedOnToolsVersion = 14.2;
					};
				};
			};
			buildConfigurationList = C68DAB7B299500DA005FBDC9 /* Build configuration list for PBXProject "LetsMeet" */;
			compatibilityVersion = "Xcode 14.0";
			developmentRegion = en;
			hasScannedForEncodings = 0;
			knownRegions = (
				en,
				Base,
			);
			mainGroup = C68DAB77299500DA005FBDC9;
			packageReferences = (
				C68DAB992995078F005FBDC9 /* XCRemoteSwiftPackageReference "firebase-ios-sdk" */,
				C60B888729952AD0006BD382 /* XCRemoteSwiftPackageReference "ProgressHUD" */,
				C6712830299FEDE300A74FAA /* XCRemoteSwiftPackageReference "Shuffle" */,
				C6561D2629AE1A68006CDAD5 /* XCRemoteSwiftPackageReference "SKPhotoBrowser" */,
				C6F1EAA029C73F01008415D5 /* XCRemoteSwiftPackageReference "InputBarAccessoryView" */,
				C6F1EAA329C73F70008415D5 /* XCRemoteSwiftPackageReference "MessageKit" */,
			);
			productRefGroup = C68DAB81299500DA005FBDC9 /* Products */;
			projectDirPath = "";
			projectRoot = "";
			targets = (
				C68DAB7F299500DA005FBDC9 /* LetsMeet */,
			);
		};
/* End PBXProject section */

/* Begin PBXResourcesBuildPhase section */
		C68DAB7E299500DA005FBDC9 /* Resources */ = {
			isa = PBXResourcesBuildPhase;
			buildActionMask = 2147483647;
			files = (
				C68DAB90299500DB005FBDC9 /* LaunchScreen.storyboard in Resources */,
				C68DAB8D299500DB005FBDC9 /* Assets.xcassets in Resources */,
				C68DAB9829950192005FBDC9 /* GoogleService-Info.plist in Resources */,
				C68DAB8B299500DA005FBDC9 /* Main.storyboard in Resources */,
			);
			runOnlyForDeploymentPostprocessing = 0;
		};
/* End PBXResourcesBuildPhase section */

/* Begin PBXSourcesBuildPhase section */
		C68DAB7C299500DA005FBDC9 /* Sources */ = {
			isa = PBXSourcesBuildPhase;
			buildActionMask = 2147483647;
			files = (
				C6EF39B329990A5F00F9AA3E /* ProfileTableViewController.swift in Sources */,
				C60B888629952588006BD382 /* UIViewController + Extensions.swift in Sources */,
				C6541B1029C897E20028EB02 /* IncomingMessages.swift in Sources */,
				C671283A29A010BF00A74FAA /* UserCardModel.swift in Sources */,
				C671283829A005D600A74FAA /* UserCard.swift in Sources */,
				C60B888B299530E5006BD382 /* FirestoreManager.swift in Sources */,
				C60B888E29953149006BD382 /* FirebaseManager.swift in Sources */,
				C68DAB88299500DA005FBDC9 /* WelcomeViewController.swift in Sources */,
				C671284129A02DF400A74FAA /* UserCardContentView.swift in Sources */,
				C62EA30829BDE544006CD340 /* ChatObject.swift in Sources */,
				C6EDB0ED299C1A00001377BE /* FirebaseStorageManager.swift in Sources */,
				C60B889029957F6F006BD382 /* User.swift in Sources */,
				C6D4730F29B222A400EDE1E4 /* LikedUserTableViewCell.swift in Sources */,
				C60C6D54299A2239002BDA11 /* K.swift in Sources */,
				C66452F329B354DA00E32403 /* MatchObject.swift in Sources */,
				C6712836299FF35A00A74FAA /* CardViewController.swift in Sources */,
				C613EB5B29CDC8AF00FBCDE3 /* TypingModel.swift in Sources */,
				C671283D29A0111E00A74FAA /* UserCardOverlay.swift in Sources */,
				C65114C9299A4B38003BBD01 /* Date + Extensions.swift in Sources */,
				C629ACC02999313300969E01 /* UIAlertController + Extension.swift in Sources */,
				C631D9BA29AF60810031F136 /* LikeObject.swift in Sources */,
				C6DF0BA629B3656000075386 /* MatchView.swift in Sources */,
				C6AE044A29A0CA3D002D17D4 /* UserCardFooterView.swift in Sources */,
				C6DF0BA829B4AF3800075386 /* ViewController.swift in Sources */,
				C6BCC19B29BB504E003EB151 /* ChatTableViewCell.swift in Sources */,
				C6D3D16B29ACAD5500314CF1 /* ImageCollectionViewCell.swift in Sources */,
				C6DB395929B7851200041B35 /* ChatsViewController.swift in Sources */,
				C6A1995829A8C371007D3668 /* UserProfileTableViewController.swift in Sources */,
				C68DAB84299500DA005FBDC9 /* AppDelegate.swift in Sources */,
				C6F1EAA729C74C63008415D5 /* Message.swift in Sources */,
				C6F1EAAB29C75A53008415D5 /* MessageDefaults.swift in Sources */,
				C68DAB86299500DA005FBDC9 /* SceneDelegate.swift in Sources */,
				C6F1EA9F29C73E57008415D5 /* ChatViewController.swift in Sources */,
				C6D4730B29B221E500EDE1E4 /* LikedUsersTableViewController.swift in Sources */,
				C63AAEB7299D6A710061357D /* ImageItem.swift in Sources */,
				C6BCC19729BB391B003EB151 /* RecentsCollectionViewCell.swift in Sources */,
				C671283F29A021D700A74FAA /* UIView + Extension.swift in Sources */,
				C6136D84299520AA008D5ECB /* RegisterViewController.swift in Sources */,
				C6F1EAAE29C770B2008415D5 /* PhotoMessage.swift in Sources */,
				C6F1EAA929C75201008415D5 /* MKMessage.swift in Sources */,
			);
			runOnlyForDeploymentPostprocessing = 0;
		};
/* End PBXSourcesBuildPhase section */

/* Begin PBXVariantGroup section */
		C68DAB89299500DA005FBDC9 /* Main.storyboard */ = {
			isa = PBXVariantGroup;
			children = (
				C68DAB8A299500DA005FBDC9 /* Base */,
			);
			name = Main.storyboard;
			sourceTree = "<group>";
		};
		C68DAB8E299500DB005FBDC9 /* LaunchScreen.storyboard */ = {
			isa = PBXVariantGroup;
			children = (
				C68DAB8F299500DB005FBDC9 /* Base */,
			);
			name = LaunchScreen.storyboard;
			sourceTree = "<group>";
		};
/* End PBXVariantGroup section */

/* Begin XCBuildConfiguration section */
		C68DAB92299500DB005FBDC9 /* Debug */ = {
			isa = XCBuildConfiguration;
			buildSettings = {
				ALWAYS_SEARCH_USER_PATHS = NO;
				CLANG_ANALYZER_NONNULL = YES;
				CLANG_ANALYZER_NUMBER_OBJECT_CONVERSION = YES_AGGRESSIVE;
				CLANG_CXX_LANGUAGE_STANDARD = "gnu++20";
				CLANG_ENABLE_MODULES = YES;
				CLANG_ENABLE_OBJC_ARC = YES;
				CLANG_ENABLE_OBJC_WEAK = YES;
				CLANG_WARN_BLOCK_CAPTURE_AUTORELEASING = YES;
				CLANG_WARN_BOOL_CONVERSION = YES;
				CLANG_WARN_COMMA = YES;
				CLANG_WARN_CONSTANT_CONVERSION = YES;
				CLANG_WARN_DEPRECATED_OBJC_IMPLEMENTATIONS = YES;
				CLANG_WARN_DIRECT_OBJC_ISA_USAGE = YES_ERROR;
				CLANG_WARN_DOCUMENTATION_COMMENTS = YES;
				CLANG_WARN_EMPTY_BODY = YES;
				CLANG_WARN_ENUM_CONVERSION = YES;
				CLANG_WARN_INFINITE_RECURSION = YES;
				CLANG_WARN_INT_CONVERSION = YES;
				CLANG_WARN_NON_LITERAL_NULL_CONVERSION = YES;
				CLANG_WARN_OBJC_IMPLICIT_RETAIN_SELF = YES;
				CLANG_WARN_OBJC_LITERAL_CONVERSION = YES;
				CLANG_WARN_OBJC_ROOT_CLASS = YES_ERROR;
				CLANG_WARN_QUOTED_INCLUDE_IN_FRAMEWORK_HEADER = YES;
				CLANG_WARN_RANGE_LOOP_ANALYSIS = YES;
				CLANG_WARN_STRICT_PROTOTYPES = YES;
				CLANG_WARN_SUSPICIOUS_MOVE = YES;
				CLANG_WARN_UNGUARDED_AVAILABILITY = YES_AGGRESSIVE;
				CLANG_WARN_UNREACHABLE_CODE = YES;
				CLANG_WARN__DUPLICATE_METHOD_MATCH = YES;
				COPY_PHASE_STRIP = NO;
				DEBUG_INFORMATION_FORMAT = dwarf;
				ENABLE_STRICT_OBJC_MSGSEND = YES;
				ENABLE_TESTABILITY = YES;
				GCC_C_LANGUAGE_STANDARD = gnu11;
				GCC_DYNAMIC_NO_PIC = NO;
				GCC_NO_COMMON_BLOCKS = YES;
				GCC_OPTIMIZATION_LEVEL = 0;
				GCC_PREPROCESSOR_DEFINITIONS = (
					"DEBUG=1",
					"$(inherited)",
				);
				GCC_WARN_64_TO_32_BIT_CONVERSION = YES;
				GCC_WARN_ABOUT_RETURN_TYPE = YES_ERROR;
				GCC_WARN_UNDECLARED_SELECTOR = YES;
				GCC_WARN_UNINITIALIZED_AUTOS = YES_AGGRESSIVE;
				GCC_WARN_UNUSED_FUNCTION = YES;
				GCC_WARN_UNUSED_VARIABLE = YES;
				IPHONEOS_DEPLOYMENT_TARGET = 16.2;
				MTL_ENABLE_DEBUG_INFO = INCLUDE_SOURCE;
				MTL_FAST_MATH = YES;
				ONLY_ACTIVE_ARCH = YES;
				SDKROOT = iphoneos;
				SWIFT_ACTIVE_COMPILATION_CONDITIONS = DEBUG;
				SWIFT_OPTIMIZATION_LEVEL = "-Onone";
			};
			name = Debug;
		};
		C68DAB93299500DB005FBDC9 /* Release */ = {
			isa = XCBuildConfiguration;
			buildSettings = {
				ALWAYS_SEARCH_USER_PATHS = NO;
				CLANG_ANALYZER_NONNULL = YES;
				CLANG_ANALYZER_NUMBER_OBJECT_CONVERSION = YES_AGGRESSIVE;
				CLANG_CXX_LANGUAGE_STANDARD = "gnu++20";
				CLANG_ENABLE_MODULES = YES;
				CLANG_ENABLE_OBJC_ARC = YES;
				CLANG_ENABLE_OBJC_WEAK = YES;
				CLANG_WARN_BLOCK_CAPTURE_AUTORELEASING = YES;
				CLANG_WARN_BOOL_CONVERSION = YES;
				CLANG_WARN_COMMA = YES;
				CLANG_WARN_CONSTANT_CONVERSION = YES;
				CLANG_WARN_DEPRECATED_OBJC_IMPLEMENTATIONS = YES;
				CLANG_WARN_DIRECT_OBJC_ISA_USAGE = YES_ERROR;
				CLANG_WARN_DOCUMENTATION_COMMENTS = YES;
				CLANG_WARN_EMPTY_BODY = YES;
				CLANG_WARN_ENUM_CONVERSION = YES;
				CLANG_WARN_INFINITE_RECURSION = YES;
				CLANG_WARN_INT_CONVERSION = YES;
				CLANG_WARN_NON_LITERAL_NULL_CONVERSION = YES;
				CLANG_WARN_OBJC_IMPLICIT_RETAIN_SELF = YES;
				CLANG_WARN_OBJC_LITERAL_CONVERSION = YES;
				CLANG_WARN_OBJC_ROOT_CLASS = YES_ERROR;
				CLANG_WARN_QUOTED_INCLUDE_IN_FRAMEWORK_HEADER = YES;
				CLANG_WARN_RANGE_LOOP_ANALYSIS = YES;
				CLANG_WARN_STRICT_PROTOTYPES = YES;
				CLANG_WARN_SUSPICIOUS_MOVE = YES;
				CLANG_WARN_UNGUARDED_AVAILABILITY = YES_AGGRESSIVE;
				CLANG_WARN_UNREACHABLE_CODE = YES;
				CLANG_WARN__DUPLICATE_METHOD_MATCH = YES;
				COPY_PHASE_STRIP = NO;
				DEBUG_INFORMATION_FORMAT = "dwarf-with-dsym";
				ENABLE_NS_ASSERTIONS = NO;
				ENABLE_STRICT_OBJC_MSGSEND = YES;
				GCC_C_LANGUAGE_STANDARD = gnu11;
				GCC_NO_COMMON_BLOCKS = YES;
				GCC_WARN_64_TO_32_BIT_CONVERSION = YES;
				GCC_WARN_ABOUT_RETURN_TYPE = YES_ERROR;
				GCC_WARN_UNDECLARED_SELECTOR = YES;
				GCC_WARN_UNINITIALIZED_AUTOS = YES_AGGRESSIVE;
				GCC_WARN_UNUSED_FUNCTION = YES;
				GCC_WARN_UNUSED_VARIABLE = YES;
				IPHONEOS_DEPLOYMENT_TARGET = 16.2;
				MTL_ENABLE_DEBUG_INFO = NO;
				MTL_FAST_MATH = YES;
				SDKROOT = iphoneos;
				SWIFT_COMPILATION_MODE = wholemodule;
				SWIFT_OPTIMIZATION_LEVEL = "-O";
				VALIDATE_PRODUCT = YES;
			};
			name = Release;
		};
		C68DAB95299500DB005FBDC9 /* Debug */ = {
			isa = XCBuildConfiguration;
			buildSettings = {
				ASSETCATALOG_COMPILER_APPICON_NAME = AppIcon;
				ASSETCATALOG_COMPILER_GLOBAL_ACCENT_COLOR_NAME = AccentColor;
				CODE_SIGN_STYLE = Automatic;
				CURRENT_PROJECT_VERSION = 1;
				DEVELOPMENT_TEAM = HRS8A783WL;
				GENERATE_INFOPLIST_FILE = YES;
				INFOPLIST_FILE = LetsMeet/Info.plist;
				INFOPLIST_KEY_NSAppleMusicUsageDescription = "LetsMeet would like to access your media library.";
				INFOPLIST_KEY_NSCameraUsageDescription = "LetsMeet would like to access your camera.";
				INFOPLIST_KEY_NSPhotoLibraryUsageDescription = "LetsMeet would like to access your photo library.";
				INFOPLIST_KEY_UIApplicationSupportsIndirectInputEvents = YES;
				INFOPLIST_KEY_UILaunchStoryboardName = LaunchScreen;
				INFOPLIST_KEY_UIMainStoryboardFile = Main;
				INFOPLIST_KEY_UISupportedInterfaceOrientations_iPad = "UIInterfaceOrientationPortrait UIInterfaceOrientationPortraitUpsideDown UIInterfaceOrientationLandscapeLeft UIInterfaceOrientationLandscapeRight";
				INFOPLIST_KEY_UISupportedInterfaceOrientations_iPhone = "UIInterfaceOrientationPortrait UIInterfaceOrientationLandscapeLeft UIInterfaceOrientationLandscapeRight";
				INFOPLIST_KEY_UIUserInterfaceStyle = Dark;
				LD_RUNPATH_SEARCH_PATHS = (
					"$(inherited)",
					"@executable_path/Frameworks",
				);
				MARKETING_VERSION = 1.0;
				PRODUCT_BUNDLE_IDENTIFIER = "dima-kryshtal.LetsMeet";
				PRODUCT_NAME = "$(TARGET_NAME)";
				SWIFT_EMIT_LOC_STRINGS = YES;
				SWIFT_VERSION = 5.0;
				TARGETED_DEVICE_FAMILY = "1,2";
			};
			name = Debug;
		};
		C68DAB96299500DB005FBDC9 /* Release */ = {
			isa = XCBuildConfiguration;
			buildSettings = {
				ASSETCATALOG_COMPILER_APPICON_NAME = AppIcon;
				ASSETCATALOG_COMPILER_GLOBAL_ACCENT_COLOR_NAME = AccentColor;
				CODE_SIGN_STYLE = Automatic;
				CURRENT_PROJECT_VERSION = 1;
				DEVELOPMENT_TEAM = HRS8A783WL;
				GENERATE_INFOPLIST_FILE = YES;
				INFOPLIST_FILE = LetsMeet/Info.plist;
				INFOPLIST_KEY_NSAppleMusicUsageDescription = "LetsMeet would like to access your media library.";
				INFOPLIST_KEY_NSCameraUsageDescription = "LetsMeet would like to access your camera.";
				INFOPLIST_KEY_NSPhotoLibraryUsageDescription = "LetsMeet would like to access your photo library.";
				INFOPLIST_KEY_UIApplicationSupportsIndirectInputEvents = YES;
				INFOPLIST_KEY_UILaunchStoryboardName = LaunchScreen;
				INFOPLIST_KEY_UIMainStoryboardFile = Main;
				INFOPLIST_KEY_UISupportedInterfaceOrientations_iPad = "UIInterfaceOrientationPortrait UIInterfaceOrientationPortraitUpsideDown UIInterfaceOrientationLandscapeLeft UIInterfaceOrientationLandscapeRight";
				INFOPLIST_KEY_UISupportedInterfaceOrientations_iPhone = "UIInterfaceOrientationPortrait UIInterfaceOrientationLandscapeLeft UIInterfaceOrientationLandscapeRight";
				INFOPLIST_KEY_UIUserInterfaceStyle = Dark;
				LD_RUNPATH_SEARCH_PATHS = (
					"$(inherited)",
					"@executable_path/Frameworks",
				);
				MARKETING_VERSION = 1.0;
				PRODUCT_BUNDLE_IDENTIFIER = "dima-kryshtal.LetsMeet";
				PRODUCT_NAME = "$(TARGET_NAME)";
				SWIFT_EMIT_LOC_STRINGS = YES;
				SWIFT_VERSION = 5.0;
				TARGETED_DEVICE_FAMILY = "1,2";
			};
			name = Release;
		};
/* End XCBuildConfiguration section */

/* Begin XCConfigurationList section */
		C68DAB7B299500DA005FBDC9 /* Build configuration list for PBXProject "LetsMeet" */ = {
			isa = XCConfigurationList;
			buildConfigurations = (
				C68DAB92299500DB005FBDC9 /* Debug */,
				C68DAB93299500DB005FBDC9 /* Release */,
			);
			defaultConfigurationIsVisible = 0;
			defaultConfigurationName = Release;
		};
		C68DAB94299500DB005FBDC9 /* Build configuration list for PBXNativeTarget "LetsMeet" */ = {
			isa = XCConfigurationList;
			buildConfigurations = (
				C68DAB95299500DB005FBDC9 /* Debug */,
				C68DAB96299500DB005FBDC9 /* Release */,
			);
			defaultConfigurationIsVisible = 0;
			defaultConfigurationName = Release;
		};
/* End XCConfigurationList section */

/* Begin XCRemoteSwiftPackageReference section */
		C60B888729952AD0006BD382 /* XCRemoteSwiftPackageReference "ProgressHUD" */ = {
			isa = XCRemoteSwiftPackageReference;
			repositoryURL = "https://github.com/relatedcode/ProgressHUD";
			requirement = {
				kind = upToNextMajorVersion;
				minimumVersion = 13.0.0;
			};
		};
		C6561D2629AE1A68006CDAD5 /* XCRemoteSwiftPackageReference "SKPhotoBrowser" */ = {
			isa = XCRemoteSwiftPackageReference;
			repositoryURL = "https://github.com/suzuki-0000/SKPhotoBrowser.git";
			requirement = {
				kind = upToNextMajorVersion;
				minimumVersion = 7.0.0;
			};
		};
		C6712830299FEDE300A74FAA /* XCRemoteSwiftPackageReference "Shuffle" */ = {
			isa = XCRemoteSwiftPackageReference;
			repositoryURL = "https://github.com/mac-gallagher/Shuffle.git";
			requirement = {
				branch = master;
				kind = branch;
			};
		};
		C68DAB992995078F005FBDC9 /* XCRemoteSwiftPackageReference "firebase-ios-sdk" */ = {
			isa = XCRemoteSwiftPackageReference;
			repositoryURL = "https://github.com/firebase/firebase-ios-sdk";
			requirement = {
				branch = master;
				kind = branch;
			};
		};
		C6F1EAA029C73F01008415D5 /* XCRemoteSwiftPackageReference "InputBarAccessoryView" */ = {
			isa = XCRemoteSwiftPackageReference;
			repositoryURL = "https://github.com/nathantannar4/InputBarAccessoryView.git";
			requirement = {
				kind = upToNextMajorVersion;
				minimumVersion = 6.0.0;
			};
		};
		C6F1EAA329C73F70008415D5 /* XCRemoteSwiftPackageReference "MessageKit" */ = {
			isa = XCRemoteSwiftPackageReference;
			repositoryURL = "https://github.com/MessageKit/MessageKit";
			requirement = {
				kind = upToNextMajorVersion;
				minimumVersion = 4.0.0;
			};
		};
/* End XCRemoteSwiftPackageReference section */

/* Begin XCSwiftPackageProductDependency section */
		C60B888829952AD0006BD382 /* ProgressHUD */ = {
			isa = XCSwiftPackageProductDependency;
			package = C60B888729952AD0006BD382 /* XCRemoteSwiftPackageReference "ProgressHUD" */;
			productName = ProgressHUD;
		};
		C6561D2729AE1A68006CDAD5 /* SKPhotoBrowser */ = {
			isa = XCSwiftPackageProductDependency;
			package = C6561D2629AE1A68006CDAD5 /* XCRemoteSwiftPackageReference "SKPhotoBrowser" */;
			productName = SKPhotoBrowser;
		};
		C6712831299FEDE300A74FAA /* Shuffle */ = {
			isa = XCSwiftPackageProductDependency;
			package = C6712830299FEDE300A74FAA /* XCRemoteSwiftPackageReference "Shuffle" */;
			productName = Shuffle;
		};
		C68DAB9A2995078F005FBDC9 /* FirebaseAnalytics */ = {
			isa = XCSwiftPackageProductDependency;
			package = C68DAB992995078F005FBDC9 /* XCRemoteSwiftPackageReference "firebase-ios-sdk" */;
			productName = FirebaseAnalytics;
		};
		C68DAB9C2995078F005FBDC9 /* FirebaseAnalyticsSwift */ = {
			isa = XCSwiftPackageProductDependency;
			package = C68DAB992995078F005FBDC9 /* XCRemoteSwiftPackageReference "firebase-ios-sdk" */;
			productName = FirebaseAnalyticsSwift;
		};
		C68DAB9E2995078F005FBDC9 /* FirebaseAuth */ = {
			isa = XCSwiftPackageProductDependency;
			package = C68DAB992995078F005FBDC9 /* XCRemoteSwiftPackageReference "firebase-ios-sdk" */;
			productName = FirebaseAuth;
		};
		C68DABA02995078F005FBDC9 /* FirebaseAuthCombine-Community */ = {
			isa = XCSwiftPackageProductDependency;
			package = C68DAB992995078F005FBDC9 /* XCRemoteSwiftPackageReference "firebase-ios-sdk" */;
			productName = "FirebaseAuthCombine-Community";
		};
		C68DABA22995078F005FBDC9 /* FirebaseFirestore */ = {
			isa = XCSwiftPackageProductDependency;
			package = C68DAB992995078F005FBDC9 /* XCRemoteSwiftPackageReference "firebase-ios-sdk" */;
			productName = FirebaseFirestore;
		};
		C68DABA42995078F005FBDC9 /* FirebaseFirestoreSwift */ = {
			isa = XCSwiftPackageProductDependency;
			package = C68DAB992995078F005FBDC9 /* XCRemoteSwiftPackageReference "firebase-ios-sdk" */;
			productName = FirebaseFirestoreSwift;
		};
		C68DABA62995078F005FBDC9 /* FirebaseMessaging */ = {
			isa = XCSwiftPackageProductDependency;
			package = C68DAB992995078F005FBDC9 /* XCRemoteSwiftPackageReference "firebase-ios-sdk" */;
			productName = FirebaseMessaging;
		};
		C68DABA82995078F005FBDC9 /* FirebaseStorage */ = {
			isa = XCSwiftPackageProductDependency;
			package = C68DAB992995078F005FBDC9 /* XCRemoteSwiftPackageReference "firebase-ios-sdk" */;
			productName = FirebaseStorage;
		};
		C6F1EAA129C73F01008415D5 /* InputBarAccessoryView */ = {
			isa = XCSwiftPackageProductDependency;
			package = C6F1EAA029C73F01008415D5 /* XCRemoteSwiftPackageReference "InputBarAccessoryView" */;
			productName = InputBarAccessoryView;
		};
		C6F1EAA429C73F70008415D5 /* MessageKit */ = {
			isa = XCSwiftPackageProductDependency;
			package = C6F1EAA329C73F70008415D5 /* XCRemoteSwiftPackageReference "MessageKit" */;
			productName = MessageKit;
		};
/* End XCSwiftPackageProductDependency section */
	};
	rootObject = C68DAB78299500DA005FBDC9 /* Project object */;
}
